# THIS IS AN AUTOGENERATED FILE. DO NOT EDIT THIS FILE DIRECTLY.
# yarn lockfile v1


"@tabler/icons-react@^3.29.0":
  version "3.29.0"
  resolved "https://registry.npmjs.org/@tabler/icons-react/-/icons-react-3.29.0.tgz"
  integrity sha512-jaa3b3j91CplY7TPgx/Gj/e+PcOnQgYiK6c5qtp1P0ytfKM5WPc1qtXyRLE3NcYlfxS2Pcst4YGy1vUML7SjbQ==
  dependencies:
    "@tabler/icons" "3.29.0"

"@tabler/icons@3.29.0":
  version "3.29.0"
  resolved "https://registry.npmjs.org/@tabler/icons/-/icons-3.29.0.tgz"
  integrity sha512-VWNINymdmhay3MDvWVREmRwuWLSrX3YiInKvs5L4AHRF4bAfJabLlEReE0BW/XFsBt22ff8/C8Eam/LXlF97mA==

framer-motion@^12.0.6:
  version "12.0.6"
  resolved "https://registry.npmjs.org/framer-motion/-/framer-motion-12.0.6.tgz"
  integrity sha512-LmrXbXF6Vv5WCNmb+O/zn891VPZrH7XbsZgRLBROw6kFiP+iTK49gxTv2Ur3F0Tbw6+sy9BVtSqnWfMUpH+6nA==
  dependencies:
    motion-dom "^12.0.0"
    motion-utils "^12.0.0"
    tslib "^2.4.0"

motion-dom@^12.0.0:
  version "12.0.0"
  resolved "https://registry.npmjs.org/motion-dom/-/motion-dom-12.0.0.tgz"
  integrity sha512-CvYd15OeIR6kHgMdonCc1ihsaUG4MYh/wrkz8gZ3hBX/uamyZCXN9S9qJoYF03GqfTt7thTV/dxnHYX4+55vDg==
  dependencies:
    motion-utils "^12.0.0"

motion-utils@^12.0.0:
  version "12.0.0"
  resolved "https://registry.npmjs.org/motion-utils/-/motion-utils-12.0.0.tgz"
  integrity sha512-MNFiBKbbqnmvOjkPyOKgHUp3Q6oiokLkI1bEwm5QA28cxMZrv0CbbBGDNmhF6DIXsi1pCQBSs0dX8xjeER1tmA==

motion@^12.0.6:
  version "12.0.6"
  resolved "https://registry.npmjs.org/motion/-/motion-12.0.6.tgz"
  integrity sha512-AzCEO0+//mPlcGiL9JaVwjddHY1cbbnvz5upHL0toqQwsPCs+hiKJ0XG5jfG0XwDtBbiSXdEqW/UTmGLwkVQ6A==
  dependencies:
    framer-motion "^12.0.6"
    tslib "^2.4.0"

tslib@^2.4.0:
  version "2.8.1"
  resolved "https://registry.npmjs.org/tslib/-/tslib-2.8.1.tgz"
  integrity sha512-oJFu94HQb+KVduSUQL7wnpmqnfmLsOA/nAh6b6EH0wCEoK0/mPeXU6c3wKDV83MkOuHPRHtSXKKU99IBazS/2w==
